
Microsoft Visual Studio Solution File, Format Version 11.00
# Visual Studio 2010
Project("{FAE04EC0-301F-11D3-BF4B-00C04F79EFBC}") = "EasterEgg2", "Assembly-CSharp-firstpass.csproj", "{98CE5BAB-0C5F-698C-5BB6-31BEC7A4E000}"
EndProject
Project("{FAE04EC0-301F-11D3-BF4B-00C04F79EFBC}") = "EasterEgg2", "Assembly-CSharp.csproj", "{B79C153B-3D83-87FE-442B-50F0A09B01E0}"
EndProject
Project("{FAE04EC0-301F-11D3-BF4B-00C04F79EFBC}") = "EasterEgg2", "Assembly-CSharp-Editor.csproj", "{098FE360-DD93-31C3-A268-7A22F288ED4D}"
EndProject
Project("{FAE04EC0-301F-11D3-BF4B-00C04F79EFBC}") = "EasterEgg2", "Assembly-CSharp-Editor-firstpass.csproj", "{06B5FD18-6359-0151-6CDC-E1817904F55A}"
EndProject
Global
	GlobalSection(SolutionConfigurationPlatforms) = preSolution
		Debug|Any CPU = Debug|Any CPU
		Release|Any CPU = Release|Any CPU
	EndGlobalSection
	GlobalSection(ProjectConfigurationPlatforms) = postSolution
		{98CE5BAB-0C5F-698C-5BB6-31BEC7A4E000}.Debug|Any CPU.ActiveCfg = Debug|Any CPU
		{98CE5BAB-0C5F-698C-5BB6-31BEC7A4E000}.Debug|Any CPU.Build.0 = Debug|Any CPU
		{98CE5BAB-0C5F-698C-5BB6-31BEC7A4E000}.Release|Any CPU.ActiveCfg = Release|Any CPU
		{98CE5BAB-0C5F-698C-5BB6-31BEC7A4E000}.Release|Any CPU.Build.0 = Release|Any CPU
		{B79C153B-3D83-87FE-442B-50F0A09B01E0}.Debug|Any CPU.ActiveCfg = Debug|Any CPU
		{B79C153B-3D83-87FE-442B-50F0A09B01E0}.Debug|Any CPU.Build.0 = Debug|Any CPU
		{B79C153B-3D83-87FE-442B-50F0A09B01E0}.Release|Any CPU.ActiveCfg = Release|Any CPU
		{B79C153B-3D83-87FE-442B-50F0A09B01E0}.Release|Any CPU.Build.0 = Release|Any CPU
		{098FE360-DD93-31C3-A268-7A22F288ED4D}.Debug|Any CPU.ActiveCfg = Debug|Any CPU
		{098FE360-DD93-31C3-A268-7A22F288ED4D}.Debug|Any CPU.Build.0 = Debug|Any CPU
		{098FE360-DD93-31C3-A268-7A22F288ED4D}.Release|Any CPU.ActiveCfg = Release|Any CPU
		{098FE360-DD93-31C3-A268-7A22F288ED4D}.Release|Any CPU.Build.0 = Release|Any CPU
		{06B5FD18-6359-0151-6CDC-E1817904F55A}.Debug|Any CPU.ActiveCfg = Debug|Any CPU
		{06B5FD18-6359-0151-6CDC-E1817904F55A}.Debug|Any CPU.Build.0 = Debug|Any CPU
		{06B5FD18-6359-0151-6CDC-E1817904F55A}.Release|Any CPU.ActiveCfg = Release|Any CPU
		{06B5FD18-6359-0151-6CDC-E1817904F55A}.Release|Any CPU.Build.0 = Release|Any CPU
	EndGlobalSection
	GlobalSection(SolutionProperties) = preSolution
		HideSolutionNode = FALSE
	EndGlobalSection
	GlobalSection(MonoDevelopProperties) = preSolution
		StartupItem = Assembly-CSharp.csproj
	EndGlobalSection
EndGlobal
